
Microsoft Visual Studio Solution File, Format Version 11.00
# Visual Studio 2010
Project("{8BC9CEB8-8B4A-11D0-8D11-00A0C91BC942}") = "C3D_Test", "C3D_Test\C3D_Test.vcxproj", "{BD606820-8846-4046-BA34-68190A52D112}"
EndProject
Global
	GlobalSection(SolutionConfigurationPlatforms) = preSolution
		Debug|Win32 = Debug|Win32
		Release|Win32 = Release|Win32
	EndGlobalSection
	GlobalSection(ProjectConfigurationPlatforms) = postSolution
		{BD606820-8846-4046-BA34-68190A52D112}.Debug|Win32.ActiveCfg = Debug|Win32
		{BD606820-8846-4046-BA34-68190A52D112}.Debug|Win32.Build.0 = Debug|Win32
		{BD606820-8846-4046-BA34-68190A52D112}.Release|Win32.ActiveCfg = Release|Win32
		{BD606820-8846-4046-BA34-68190A52D112}.Release|Win32.Build.0 = Release|Win32
	EndGlobalSection
	GlobalSection(SolutionProperties) = preSolution
		HideSolutionNode = FALSE
	EndGlobalSection
EndGlobal
