
Microsoft Visual Studio Solution File, Format Version 11.00
# Visual Studio 2010
Project("{8BC9CEB8-8B4A-11D0-8D11-00A0C91BC942}") = "Test_CAM", "Test_CAM\Test_CAM.vcxproj", "{0150FF56-827D-4F28-A02F-4879780EA22C}"
EndProject
Global
	GlobalSection(SolutionConfigurationPlatforms) = preSolution
		Debug|Win32 = Debug|Win32
		Release|Win32 = Release|Win32
	EndGlobalSection
	GlobalSection(ProjectConfigurationPlatforms) = postSolution
		{0150FF56-827D-4F28-A02F-4879780EA22C}.Debug|Win32.ActiveCfg = Debug|Win32
		{0150FF56-827D-4F28-A02F-4879780EA22C}.Debug|Win32.Build.0 = Debug|Win32
		{0150FF56-827D-4F28-A02F-4879780EA22C}.Release|Win32.ActiveCfg = Release|Win32
		{0150FF56-827D-4F28-A02F-4879780EA22C}.Release|Win32.Build.0 = Release|Win32
	EndGlobalSection
	GlobalSection(SolutionProperties) = preSolution
		HideSolutionNode = FALSE
	EndGlobalSection
EndGlobal
